
Microsoft Visual Studio Solution File, Format Version 12.00
# Visual Studio Version 17
VisualStudioVersion = 17.14.36127.28
MinimumVisualStudioVersion = 10.0.40219.1
Project("{FAE04EC0-301F-11D3-BF4B-00C04F79EFBC}") = "Database", "src\Shared\Database\Database.csproj", "{F6841FC5-6E58-9122-4976-D490CA1C866D}"
EndProject
Project("{FAE04EC0-301F-11D3-BF4B-00C04F79EFBC}") = "Brighter.API", "src\API\Brighter.API\Brighter.API.csproj", "{7EB34B7C-444B-7FE2-2C74-7CAA7F1D707B}"
EndProject
Project("{FAE04EC0-301F-11D3-BF4B-00C04F79EFBC}") = "Mediatr.API", "src\API\Mediatr.API\Mediatr.API.csproj", "{BA02AB66-B003-B2A8-42E7-ED274E99A13D}"
EndProject
Global
	GlobalSection(SolutionConfigurationPlatforms) = preSolution
		Debug|Any CPU = Debug|Any CPU
		Release|Any CPU = Release|Any CPU
	EndGlobalSection
	GlobalSection(ProjectConfigurationPlatforms) = postSolution
		{F6841FC5-6E58-9122-4976-D490CA1C866D}.Debug|Any CPU.ActiveCfg = Debug|Any CPU
		{F6841FC5-6E58-9122-4976-D490CA1C866D}.Debug|Any CPU.Build.0 = Debug|Any CPU
		{F6841FC5-6E58-9122-4976-D490CA1C866D}.Release|Any CPU.ActiveCfg = Release|Any CPU
		{F6841FC5-6E58-9122-4976-D490CA1C866D}.Release|Any CPU.Build.0 = Release|Any CPU
		{7EB34B7C-444B-7FE2-2C74-7CAA7F1D707B}.Debug|Any CPU.ActiveCfg = Debug|Any CPU
		{7EB34B7C-444B-7FE2-2C74-7CAA7F1D707B}.Debug|Any CPU.Build.0 = Debug|Any CPU
		{7EB34B7C-444B-7FE2-2C74-7CAA7F1D707B}.Release|Any CPU.ActiveCfg = Release|Any CPU
		{7EB34B7C-444B-7FE2-2C74-7CAA7F1D707B}.Release|Any CPU.Build.0 = Release|Any CPU
		{BA02AB66-B003-B2A8-42E7-ED274E99A13D}.Debug|Any CPU.ActiveCfg = Debug|Any CPU
		{BA02AB66-B003-B2A8-42E7-ED274E99A13D}.Debug|Any CPU.Build.0 = Debug|Any CPU
		{BA02AB66-B003-B2A8-42E7-ED274E99A13D}.Release|Any CPU.ActiveCfg = Release|Any CPU
		{BA02AB66-B003-B2A8-42E7-ED274E99A13D}.Release|Any CPU.Build.0 = Release|Any CPU
	EndGlobalSection
	GlobalSection(SolutionProperties) = preSolution
		HideSolutionNode = FALSE
	EndGlobalSection
	GlobalSection(ExtensibilityGlobals) = postSolution
		SolutionGuid = {0D1A7602-3F1B-4E0A-A792-465B959BD18C}
	EndGlobalSection
EndGlobal
